
Microsoft Visual Studio Solution File, Format Version 12.00
# Visual Studio 15
VisualStudioVersion = 15.0.28307.902
MinimumVisualStudioVersion = 10.0.40219.1
Project("{FAE04EC0-301F-11D3-BF4B-00C04F79EFBC}") = "Digest.HackerRank", "Digest.HackerRank\Digest.HackerRank.csproj", "{767A57C8-3427-4447-9A6B-25485C00EC43}"
EndProject
Global
	GlobalSection(SolutionConfigurationPlatforms) = preSolution
		Debug|Any CPU = Debug|Any CPU
		Release|Any CPU = Release|Any CPU
	EndGlobalSection
	GlobalSection(ProjectConfigurationPlatforms) = postSolution
		{767A57C8-3427-4447-9A6B-25485C00EC43}.Debug|Any CPU.ActiveCfg = Debug|Any CPU
		{767A57C8-3427-4447-9A6B-25485C00EC43}.Debug|Any CPU.Build.0 = Debug|Any CPU
		{767A57C8-3427-4447-9A6B-25485C00EC43}.Release|Any CPU.ActiveCfg = Release|Any CPU
		{767A57C8-3427-4447-9A6B-25485C00EC43}.Release|Any CPU.Build.0 = Release|Any CPU
	EndGlobalSection
	GlobalSection(SolutionProperties) = preSolution
		HideSolutionNode = FALSE
	EndGlobalSection
	GlobalSection(ExtensibilityGlobals) = postSolution
		SolutionGuid = {11B4C0A1-E243-42E6-B0EC-F4EFF9E5AC1F}
	EndGlobalSection
EndGlobal
